
Microsoft Visual Studio Solution File, Format Version 12.00
# Visual Studio Version 16
VisualStudioVersion = 16.6.30114.105
MinimumVisualStudioVersion = 10.0.40219.1
Project("{9A19103F-16F7-4668-BE54-9A1E7A4F7556}") = "R5T.T0040.X0001", "R5T.T0040.X0001\R5T.T0040.X0001.csproj", "{21DF7A20-4709-47BC-8DBB-8E7235959CB6}"
EndProject
Project("{2150E333-8FDC-42A3-9474-1A3956D46DE8}") = "_Dependencies", "_Dependencies", "{EB670A4F-F213-4F9C-BA5E-688266433E95}"
EndProject
Project("{9A19103F-16F7-4668-BE54-9A1E7A4F7556}") = "R5T.Magyar", "..\..\R5T.Magyar\source\R5T.Magyar\R5T.Magyar.csproj", "{AE621544-8C34-4FDF-906B-73569D3E7622}"
EndProject
Project("{9A19103F-16F7-4668-BE54-9A1E7A4F7556}") = "R5T.T0040", "..\..\R5T.T0040\source\R5T.T0040\R5T.T0040.csproj", "{FB31CD08-75F8-4FA0-BC0C-EB98393FF4F4}"
EndProject
Project("{9A19103F-16F7-4668-BE54-9A1E7A4F7556}") = "R5T.T0037.X001", "..\..\R5T.T0037\source\R5T.T0037.X001\R5T.T0037.X001.csproj", "{1FFFC4F1-7AFD-43AA-A1AA-1085D9E0189A}"
EndProject
Project("{9A19103F-16F7-4668-BE54-9A1E7A4F7556}") = "R5T.T0041.X002", "..\..\R5T.T0041\source\R5T.T0041.X002\R5T.T0041.X002.csproj", "{F8E5FC90-F013-4441-890C-E1451888E4BA}"
EndProject
Project("{9A19103F-16F7-4668-BE54-9A1E7A4F7556}") = "R5T.T0021.X002", "..\..\R5T.T0021\source\R5T.T0021.X002\R5T.T0021.X002.csproj", "{6EA65243-C7FA-434A-9F1D-52C0B352B3E3}"
EndProject
Project("{9A19103F-16F7-4668-BE54-9A1E7A4F7556}") = "R5T.T0021.X0001", "..\..\R5T.T0021.X0001\source\R5T.T0021.X0001\R5T.T0021.X0001.csproj", "{F9ECDA0C-5BE3-46BA-B02F-D9532D0E3EE4}"
EndProject
Project("{9A19103F-16F7-4668-BE54-9A1E7A4F7556}") = "R5T.T0037.X002", "..\..\R5T.T0037\source\R5T.T0037.X002\R5T.T0037.X002.csproj", "{B9041E5D-E493-45D8-B3A6-3BBAFC0D9903}"
EndProject
Project("{9A19103F-16F7-4668-BE54-9A1E7A4F7556}") = "R5T.T0021", "..\..\R5T.T0021\source\R5T.T0021\R5T.T0021.csproj", "{FCA091B9-57F8-45D7-83AB-1EBBC81E6E5D}"
EndProject
Project("{9A19103F-16F7-4668-BE54-9A1E7A4F7556}") = "R5T.T0037", "..\..\R5T.T0037\source\R5T.T0037\R5T.T0037.csproj", "{2F540121-DAF7-45FB-BF7D-BFB6A384C391}"
EndProject
Project("{9A19103F-16F7-4668-BE54-9A1E7A4F7556}") = "R5T.T0039.T002", "..\..\R5T.T0039\source\R5T.T0039.T002\R5T.T0039.T002.csproj", "{9F021390-16FB-42A6-91CA-5957A81068BB}"
EndProject
Project("{9A19103F-16F7-4668-BE54-9A1E7A4F7556}") = "R5T.Magyar.T002", "..\..\R5T.Magyar\source\R5T.Magyar.T002\R5T.Magyar.T002.csproj", "{F199EB23-BB5D-4DC5-A22F-59BBF963DB3C}"
EndProject
Project("{9A19103F-16F7-4668-BE54-9A1E7A4F7556}") = "R5T.T0042.X001", "..\..\R5T.T0042\source\R5T.T0042.X001\R5T.T0042.X001.csproj", "{0245BA44-67A5-4725-9966-3B8C50C8DB3A}"
EndProject
Project("{9A19103F-16F7-4668-BE54-9A1E7A4F7556}") = "R5T.T0042", "..\..\R5T.T0042\source\R5T.T0042\R5T.T0042.csproj", "{3D632CB8-DE60-4C9F-A848-F1E7849A507F}"
EndProject
Project("{9A19103F-16F7-4668-BE54-9A1E7A4F7556}") = "R5T.T0041.X001", "..\..\R5T.T0041\source\R5T.T0041.X001\R5T.T0041.X001.csproj", "{CB216A26-7B4B-4719-94AC-1965ACDE54C2}"
EndProject
Project("{9A19103F-16F7-4668-BE54-9A1E7A4F7556}") = "R5T.T0041", "..\..\R5T.T0041\source\R5T.T0041\R5T.T0041.csproj", "{3E52673F-1074-4281-B23A-07F71078E400}"
EndProject
Global
	GlobalSection(SolutionConfigurationPlatforms) = preSolution
		Debug|Any CPU = Debug|Any CPU
		Debug|x64 = Debug|x64
		Debug|x86 = Debug|x86
		Release|Any CPU = Release|Any CPU
		Release|x64 = Release|x64
		Release|x86 = Release|x86
	EndGlobalSection
	GlobalSection(ProjectConfigurationPlatforms) = postSolution
		{21DF7A20-4709-47BC-8DBB-8E7235959CB6}.Debug|Any CPU.ActiveCfg = Debug|Any CPU
		{21DF7A20-4709-47BC-8DBB-8E7235959CB6}.Debug|Any CPU.Build.0 = Debug|Any CPU
		{21DF7A20-4709-47BC-8DBB-8E7235959CB6}.Debug|x64.ActiveCfg = Debug|Any CPU
		{21DF7A20-4709-47BC-8DBB-8E7235959CB6}.Debug|x64.Build.0 = Debug|Any CPU
		{21DF7A20-4709-47BC-8DBB-8E7235959CB6}.Debug|x86.ActiveCfg = Debug|Any CPU
		{21DF7A20-4709-47BC-8DBB-8E7235959CB6}.Debug|x86.Build.0 = Debug|Any CPU
		{21DF7A20-4709-47BC-8DBB-8E7235959CB6}.Release|Any CPU.ActiveCfg = Release|Any CPU
		{21DF7A20-4709-47BC-8DBB-8E7235959CB6}.Release|Any CPU.Build.0 = Release|Any CPU
		{21DF7A20-4709-47BC-8DBB-8E7235959CB6}.Release|x64.ActiveCfg = Release|Any CPU
		{21DF7A20-4709-47BC-8DBB-8E7235959CB6}.Release|x64.Build.0 = Release|Any CPU
		{21DF7A20-4709-47BC-8DBB-8E7235959CB6}.Release|x86.ActiveCfg = Release|Any CPU
		{21DF7A20-4709-47BC-8DBB-8E7235959CB6}.Release|x86.Build.0 = Release|Any CPU
		{AE621544-8C34-4FDF-906B-73569D3E7622}.Debug|Any CPU.ActiveCfg = Debug|Any CPU
		{AE621544-8C34-4FDF-906B-73569D3E7622}.Debug|Any CPU.Build.0 = Debug|Any CPU
		{AE621544-8C34-4FDF-906B-73569D3E7622}.Debug|x64.ActiveCfg = Debug|Any CPU
		{AE621544-8C34-4FDF-906B-73569D3E7622}.Debug|x64.Build.0 = Debug|Any CPU
		{AE621544-8C34-4FDF-906B-73569D3E7622}.Debug|x86.ActiveCfg = Debug|Any CPU
		{AE621544-8C34-4FDF-906B-73569D3E7622}.Debug|x86.Build.0 = Debug|Any CPU
		{AE621544-8C34-4FDF-906B-73569D3E7622}.Release|Any CPU.ActiveCfg = Release|Any CPU
		{AE621544-8C34-4FDF-906B-73569D3E7622}.Release|Any CPU.Build.0 = Release|Any CPU
		{AE621544-8C34-4FDF-906B-73569D3E7622}.Release|x64.ActiveCfg = Release|Any CPU
		{AE621544-8C34-4FDF-906B-73569D3E7622}.Release|x64.Build.0 = Release|Any CPU
		{AE621544-8C34-4FDF-906B-73569D3E7622}.Release|x86.ActiveCfg = Release|Any CPU
		{AE621544-8C34-4FDF-906B-73569D3E7622}.Release|x86.Build.0 = Release|Any CPU
		{FB31CD08-75F8-4FA0-BC0C-EB98393FF4F4}.Debug|Any CPU.ActiveCfg = Debug|Any CPU
		{FB31CD08-75F8-4FA0-BC0C-EB98393FF4F4}.Debug|Any CPU.Build.0 = Debug|Any CPU
		{FB31CD08-75F8-4FA0-BC0C-EB98393FF4F4}.Debug|x64.ActiveCfg = Debug|Any CPU
		{FB31CD08-75F8-4FA0-BC0C-EB98393FF4F4}.Debug|x64.Build.0 = Debug|Any CPU
		{FB31CD08-75F8-4FA0-BC0C-EB98393FF4F4}.Debug|x86.ActiveCfg = Debug|Any CPU
		{FB31CD08-75F8-4FA0-BC0C-EB98393FF4F4}.Debug|x86.Build.0 = Debug|Any CPU
		{FB31CD08-75F8-4FA0-BC0C-EB98393FF4F4}.Release|Any CPU.ActiveCfg = Release|Any CPU
		{FB31CD08-75F8-4FA0-BC0C-EB98393FF4F4}.Release|Any CPU.Build.0 = Release|Any CPU
		{FB31CD08-75F8-4FA0-BC0C-EB98393FF4F4}.Release|x64.ActiveCfg = Release|Any CPU
		{FB31CD08-75F8-4FA0-BC0C-EB98393FF4F4}.Release|x64.Build.0 = Release|Any CPU
		{FB31CD08-75F8-4FA0-BC0C-EB98393FF4F4}.Release|x86.ActiveCfg = Release|Any CPU
		{FB31CD08-75F8-4FA0-BC0C-EB98393FF4F4}.Release|x86.Build.0 = Release|Any CPU
		{1FFFC4F1-7AFD-43AA-A1AA-1085D9E0189A}.Debug|Any CPU.ActiveCfg = Debug|Any CPU
		{1FFFC4F1-7AFD-43AA-A1AA-1085D9E0189A}.Debug|Any CPU.Build.0 = Debug|Any CPU
		{1FFFC4F1-7AFD-43AA-A1AA-1085D9E0189A}.Debug|x64.ActiveCfg = Debug|Any CPU
		{1FFFC4F1-7AFD-43AA-A1AA-1085D9E0189A}.Debug|x64.Build.0 = Debug|Any CPU
		{1FFFC4F1-7AFD-43AA-A1AA-1085D9E0189A}.Debug|x86.ActiveCfg = Debug|Any CPU
		{1FFFC4F1-7AFD-43AA-A1AA-1085D9E0189A}.Debug|x86.Build.0 = Debug|Any CPU
		{1FFFC4F1-7AFD-43AA-A1AA-1085D9E0189A}.Release|Any CPU.ActiveCfg = Release|Any CPU
		{1FFFC4F1-7AFD-43AA-A1AA-1085D9E0189A}.Release|Any CPU.Build.0 = Release|Any CPU
		{1FFFC4F1-7AFD-43AA-A1AA-1085D9E0189A}.Release|x64.ActiveCfg = Release|Any CPU
		{1FFFC4F1-7AFD-43AA-A1AA-1085D9E0189A}.Release|x64.Build.0 = Release|Any CPU
		{1FFFC4F1-7AFD-43AA-A1AA-1085D9E0189A}.Release|x86.ActiveCfg = Release|Any CPU
		{1FFFC4F1-7AFD-43AA-A1AA-1085D9E0189A}.Release|x86.Build.0 = Release|Any CPU
		{F8E5FC90-F013-4441-890C-E1451888E4BA}.Debug|Any CPU.ActiveCfg = Debug|Any CPU
		{F8E5FC90-F013-4441-890C-E1451888E4BA}.Debug|Any CPU.Build.0 = Debug|Any CPU
		{F8E5FC90-F013-4441-890C-E1451888E4BA}.Debug|x64.ActiveCfg = Debug|Any CPU
		{F8E5FC90-F013-4441-890C-E1451888E4BA}.Debug|x64.Build.0 = Debug|Any CPU
		{F8E5FC90-F013-4441-890C-E1451888E4BA}.Debug|x86.ActiveCfg = Debug|Any CPU
		{F8E5FC90-F013-4441-890C-E1451888E4BA}.Debug|x86.Build.0 = Debug|Any CPU
		{F8E5FC90-F013-4441-890C-E1451888E4BA}.Release|Any CPU.ActiveCfg = Release|Any CPU
		{F8E5FC90-F013-4441-890C-E1451888E4BA}.Release|Any CPU.Build.0 = Release|Any CPU
		{F8E5FC90-F013-4441-890C-E1451888E4BA}.Release|x64.ActiveCfg = Release|Any CPU
		{F8E5FC90-F013-4441-890C-E1451888E4BA}.Release|x64.Build.0 = Release|Any CPU
		{F8E5FC90-F013-4441-890C-E1451888E4BA}.Release|x86.ActiveCfg = Release|Any CPU
		{F8E5FC90-F013-4441-890C-E1451888E4BA}.Release|x86.Build.0 = Release|Any CPU
		{6EA65243-C7FA-434A-9F1D-52C0B352B3E3}.Debug|Any CPU.ActiveCfg = Debug|Any CPU
		{6EA65243-C7FA-434A-9F1D-52C0B352B3E3}.Debug|Any CPU.Build.0 = Debug|Any CPU
		{6EA65243-C7FA-434A-9F1D-52C0B352B3E3}.Debug|x64.ActiveCfg = Debug|Any CPU
		{6EA65243-C7FA-434A-9F1D-52C0B352B3E3}.Debug|x64.Build.0 = Debug|Any CPU
		{6EA65243-C7FA-434A-9F1D-52C0B352B3E3}.Debug|x86.ActiveCfg = Debug|Any CPU
		{6EA65243-C7FA-434A-9F1D-52C0B352B3E3}.Debug|x86.Build.0 = Debug|Any CPU
		{6EA65243-C7FA-434A-9F1D-52C0B352B3E3}.Release|Any CPU.ActiveCfg = Release|Any CPU
		{6EA65243-C7FA-434A-9F1D-52C0B352B3E3}.Release|Any CPU.Build.0 = Release|Any CPU
		{6EA65243-C7FA-434A-9F1D-52C0B352B3E3}.Release|x64.ActiveCfg = Release|Any CPU
		{6EA65243-C7FA-434A-9F1D-52C0B352B3E3}.Release|x64.Build.0 = Release|Any CPU
		{6EA65243-C7FA-434A-9F1D-52C0B352B3E3}.Release|x86.ActiveCfg = Release|Any CPU
		{6EA65243-C7FA-434A-9F1D-52C0B352B3E3}.Release|x86.Build.0 = Release|Any CPU
		{F9ECDA0C-5BE3-46BA-B02F-D9532D0E3EE4}.Debug|Any CPU.ActiveCfg = Debug|Any CPU
		{F9ECDA0C-5BE3-46BA-B02F-D9532D0E3EE4}.Debug|Any CPU.Build.0 = Debug|Any CPU
		{F9ECDA0C-5BE3-46BA-B02F-D9532D0E3EE4}.Debug|x64.ActiveCfg = Debug|Any CPU
		{F9ECDA0C-5BE3-46BA-B02F-D9532D0E3EE4}.Debug|x64.Build.0 = Debug|Any CPU
		{F9ECDA0C-5BE3-46BA-B02F-D9532D0E3EE4}.Debug|x86.ActiveCfg = Debug|Any CPU
		{F9ECDA0C-5BE3-46BA-B02F-D9532D0E3EE4}.Debug|x86.Build.0 = Debug|Any CPU
		{F9ECDA0C-5BE3-46BA-B02F-D9532D0E3EE4}.Release|Any CPU.ActiveCfg = Release|Any CPU
		{F9ECDA0C-5BE3-46BA-B02F-D9532D0E3EE4}.Release|Any CPU.Build.0 = Release|Any CPU
		{F9ECDA0C-5BE3-46BA-B02F-D9532D0E3EE4}.Release|x64.ActiveCfg = Release|Any CPU
		{F9ECDA0C-5BE3-46BA-B02F-D9532D0E3EE4}.Release|x64.Build.0 = Release|Any CPU
		{F9ECDA0C-5BE3-46BA-B02F-D9532D0E3EE4}.Release|x86.ActiveCfg = Release|Any CPU
		{F9ECDA0C-5BE3-46BA-B02F-D9532D0E3EE4}.Release|x86.Build.0 = Release|Any CPU
		{B9041E5D-E493-45D8-B3A6-3BBAFC0D9903}.Debug|Any CPU.ActiveCfg = Debug|Any CPU
		{B9041E5D-E493-45D8-B3A6-3BBAFC0D9903}.Debug|Any CPU.Build.0 = Debug|Any CPU
		{B9041E5D-E493-45D8-B3A6-3BBAFC0D9903}.Debug|x64.ActiveCfg = Debug|Any CPU
		{B9041E5D-E493-45D8-B3A6-3BBAFC0D9903}.Debug|x64.Build.0 = Debug|Any CPU
		{B9041E5D-E493-45D8-B3A6-3BBAFC0D9903}.Debug|x86.ActiveCfg = Debug|Any CPU
		{B9041E5D-E493-45D8-B3A6-3BBAFC0D9903}.Debug|x86.Build.0 = Debug|Any CPU
		{B9041E5D-E493-45D8-B3A6-3BBAFC0D9903}.Release|Any CPU.ActiveCfg = Release|Any CPU
		{B9041E5D-E493-45D8-B3A6-3BBAFC0D9903}.Release|Any CPU.Build.0 = Release|Any CPU
		{B9041E5D-E493-45D8-B3A6-3BBAFC0D9903}.Release|x64.ActiveCfg = Release|Any CPU
		{B9041E5D-E493-45D8-B3A6-3BBAFC0D9903}.Release|x64.Build.0 = Release|Any CPU
		{B9041E5D-E493-45D8-B3A6-3BBAFC0D9903}.Release|x86.ActiveCfg = Release|Any CPU
		{B9041E5D-E493-45D8-B3A6-3BBAFC0D9903}.Release|x86.Build.0 = Release|Any CPU
		{FCA091B9-57F8-45D7-83AB-1EBBC81E6E5D}.Debug|Any CPU.ActiveCfg = Debug|Any CPU
		{FCA091B9-57F8-45D7-83AB-1EBBC81E6E5D}.Debug|Any CPU.Build.0 = Debug|Any CPU
		{FCA091B9-57F8-45D7-83AB-1EBBC81E6E5D}.Debug|x64.ActiveCfg = Debug|Any CPU
		{FCA091B9-57F8-45D7-83AB-1EBBC81E6E5D}.Debug|x64.Build.0 = Debug|Any CPU
		{FCA091B9-57F8-45D7-83AB-1EBBC81E6E5D}.Debug|x86.ActiveCfg = Debug|Any CPU
		{FCA091B9-57F8-45D7-83AB-1EBBC81E6E5D}.Debug|x86.Build.0 = Debug|Any CPU
		{FCA091B9-57F8-45D7-83AB-1EBBC81E6E5D}.Release|Any CPU.ActiveCfg = Release|Any CPU
		{FCA091B9-57F8-45D7-83AB-1EBBC81E6E5D}.Release|Any CPU.Build.0 = Release|Any CPU
		{FCA091B9-57F8-45D7-83AB-1EBBC81E6E5D}.Release|x64.ActiveCfg = Release|Any CPU
		{FCA091B9-57F8-45D7-83AB-1EBBC81E6E5D}.Release|x64.Build.0 = Release|Any CPU
		{FCA091B9-57F8-45D7-83AB-1EBBC81E6E5D}.Release|x86.ActiveCfg = Release|Any CPU
		{FCA091B9-57F8-45D7-83AB-1EBBC81E6E5D}.Release|x86.Build.0 = Release|Any CPU
		{2F540121-DAF7-45FB-BF7D-BFB6A384C391}.Debug|Any CPU.ActiveCfg = Debug|Any CPU
		{2F540121-DAF7-45FB-BF7D-BFB6A384C391}.Debug|Any CPU.Build.0 = Debug|Any CPU
		{2F540121-DAF7-45FB-BF7D-BFB6A384C391}.Debug|x64.ActiveCfg = Debug|Any CPU
		{2F540121-DAF7-45FB-BF7D-BFB6A384C391}.Debug|x64.Build.0 = Debug|Any CPU
		{2F540121-DAF7-45FB-BF7D-BFB6A384C391}.Debug|x86.ActiveCfg = Debug|Any CPU
		{2F540121-DAF7-45FB-BF7D-BFB6A384C391}.Debug|x86.Build.0 = Debug|Any CPU
		{2F540121-DAF7-45FB-BF7D-BFB6A384C391}.Release|Any CPU.ActiveCfg = Release|Any CPU
		{2F540121-DAF7-45FB-BF7D-BFB6A384C391}.Release|Any CPU.Build.0 = Release|Any CPU
		{2F540121-DAF7-45FB-BF7D-BFB6A384C391}.Release|x64.ActiveCfg = Release|Any CPU
		{2F540121-DAF7-45FB-BF7D-BFB6A384C391}.Release|x64.Build.0 = Release|Any CPU
		{2F540121-DAF7-45FB-BF7D-BFB6A384C391}.Release|x86.ActiveCfg = Release|Any CPU
		{2F540121-DAF7-45FB-BF7D-BFB6A384C391}.Release|x86.Build.0 = Release|Any CPU
		{9F021390-16FB-42A6-91CA-5957A81068BB}.Debug|Any CPU.ActiveCfg = Debug|Any CPU
		{9F021390-16FB-42A6-91CA-5957A81068BB}.Debug|Any CPU.Build.0 = Debug|Any CPU
		{9F021390-16FB-42A6-91CA-5957A81068BB}.Debug|x64.ActiveCfg = Debug|Any CPU
		{9F021390-16FB-42A6-91CA-5957A81068BB}.Debug|x64.Build.0 = Debug|Any CPU
		{9F021390-16FB-42A6-91CA-5957A81068BB}.Debug|x86.ActiveCfg = Debug|Any CPU
		{9F021390-16FB-42A6-91CA-5957A81068BB}.Debug|x86.Build.0 = Debug|Any CPU
		{9F021390-16FB-42A6-91CA-5957A81068BB}.Release|Any CPU.ActiveCfg = Release|Any CPU
		{9F021390-16FB-42A6-91CA-5957A81068BB}.Release|Any CPU.Build.0 = Release|Any CPU
		{9F021390-16FB-42A6-91CA-5957A81068BB}.Release|x64.ActiveCfg = Release|Any CPU
		{9F021390-16FB-42A6-91CA-5957A81068BB}.Release|x64.Build.0 = Release|Any CPU
		{9F021390-16FB-42A6-91CA-5957A81068BB}.Release|x86.ActiveCfg = Release|Any CPU
		{9F021390-16FB-42A6-91CA-5957A81068BB}.Release|x86.Build.0 = Release|Any CPU
		{F199EB23-BB5D-4DC5-A22F-59BBF963DB3C}.Debug|Any CPU.ActiveCfg = Debug|Any CPU
		{F199EB23-BB5D-4DC5-A22F-59BBF963DB3C}.Debug|Any CPU.Build.0 = Debug|Any CPU
		{F199EB23-BB5D-4DC5-A22F-59BBF963DB3C}.Debug|x64.ActiveCfg = Debug|Any CPU
		{F199EB23-BB5D-4DC5-A22F-59BBF963DB3C}.Debug|x64.Build.0 = Debug|Any CPU
		{F199EB23-BB5D-4DC5-A22F-59BBF963DB3C}.Debug|x86.ActiveCfg = Debug|Any CPU
		{F199EB23-BB5D-4DC5-A22F-59BBF963DB3C}.Debug|x86.Build.0 = Debug|Any CPU
		{F199EB23-BB5D-4DC5-A22F-59BBF963DB3C}.Release|Any CPU.ActiveCfg = Release|Any CPU
		{F199EB23-BB5D-4DC5-A22F-59BBF963DB3C}.Release|Any CPU.Build.0 = Release|Any CPU
		{F199EB23-BB5D-4DC5-A22F-59BBF963DB3C}.Release|x64.ActiveCfg = Release|Any CPU
		{F199EB23-BB5D-4DC5-A22F-59BBF963DB3C}.Release|x64.Build.0 = Release|Any CPU
		{F199EB23-BB5D-4DC5-A22F-59BBF963DB3C}.Release|x86.ActiveCfg = Release|Any CPU
		{F199EB23-BB5D-4DC5-A22F-59BBF963DB3C}.Release|x86.Build.0 = Release|Any CPU
		{0245BA44-67A5-4725-9966-3B8C50C8DB3A}.Debug|Any CPU.ActiveCfg = Debug|Any CPU
		{0245BA44-67A5-4725-9966-3B8C50C8DB3A}.Debug|Any CPU.Build.0 = Debug|Any CPU
		{0245BA44-67A5-4725-9966-3B8C50C8DB3A}.Debug|x64.ActiveCfg = Debug|Any CPU
		{0245BA44-67A5-4725-9966-3B8C50C8DB3A}.Debug|x64.Build.0 = Debug|Any CPU
		{0245BA44-67A5-4725-9966-3B8C50C8DB3A}.Debug|x86.ActiveCfg = Debug|Any CPU
		{0245BA44-67A5-4725-9966-3B8C50C8DB3A}.Debug|x86.Build.0 = Debug|Any CPU
		{0245BA44-67A5-4725-9966-3B8C50C8DB3A}.Release|Any CPU.ActiveCfg = Release|Any CPU
		{0245BA44-67A5-4725-9966-3B8C50C8DB3A}.Release|Any CPU.Build.0 = Release|Any CPU
		{0245BA44-67A5-4725-9966-3B8C50C8DB3A}.Release|x64.ActiveCfg = Release|Any CPU
		{0245BA44-67A5-4725-9966-3B8C50C8DB3A}.Release|x64.Build.0 = Release|Any CPU
		{0245BA44-67A5-4725-9966-3B8C50C8DB3A}.Release|x86.ActiveCfg = Release|Any CPU
		{0245BA44-67A5-4725-9966-3B8C50C8DB3A}.Release|x86.Build.0 = Release|Any CPU
		{3D632CB8-DE60-4C9F-A848-F1E7849A507F}.Debug|Any CPU.ActiveCfg = Debug|Any CPU
		{3D632CB8-DE60-4C9F-A848-F1E7849A507F}.Debug|Any CPU.Build.0 = Debug|Any CPU
		{3D632CB8-DE60-4C9F-A848-F1E7849A507F}.Debug|x64.ActiveCfg = Debug|Any CPU
		{3D632CB8-DE60-4C9F-A848-F1E7849A507F}.Debug|x64.Build.0 = Debug|Any CPU
		{3D632CB8-DE60-4C9F-A848-F1E7849A507F}.Debug|x86.ActiveCfg = Debug|Any CPU
		{3D632CB8-DE60-4C9F-A848-F1E7849A507F}.Debug|x86.Build.0 = Debug|Any CPU
		{3D632CB8-DE60-4C9F-A848-F1E7849A507F}.Release|Any CPU.ActiveCfg = Release|Any CPU
		{3D632CB8-DE60-4C9F-A848-F1E7849A507F}.Release|Any CPU.Build.0 = Release|Any CPU
		{3D632CB8-DE60-4C9F-A848-F1E7849A507F}.Release|x64.ActiveCfg = Release|Any CPU
		{3D632CB8-DE60-4C9F-A848-F1E7849A507F}.Release|x64.Build.0 = Release|Any CPU
		{3D632CB8-DE60-4C9F-A848-F1E7849A507F}.Release|x86.ActiveCfg = Release|Any CPU
		{3D632CB8-DE60-4C9F-A848-F1E7849A507F}.Release|x86.Build.0 = Release|Any CPU
		{CB216A26-7B4B-4719-94AC-1965ACDE54C2}.Debug|Any CPU.ActiveCfg = Debug|Any CPU
		{CB216A26-7B4B-4719-94AC-1965ACDE54C2}.Debug|Any CPU.Build.0 = Debug|Any CPU
		{CB216A26-7B4B-4719-94AC-1965ACDE54C2}.Debug|x64.ActiveCfg = Debug|Any CPU
		{CB216A26-7B4B-4719-94AC-1965ACDE54C2}.Debug|x64.Build.0 = Debug|Any CPU
		{CB216A26-7B4B-4719-94AC-1965ACDE54C2}.Debug|x86.ActiveCfg = Debug|Any CPU
		{CB216A26-7B4B-4719-94AC-1965ACDE54C2}.Debug|x86.Build.0 = Debug|Any CPU
		{CB216A26-7B4B-4719-94AC-1965ACDE54C2}.Release|Any CPU.ActiveCfg = Release|Any CPU
		{CB216A26-7B4B-4719-94AC-1965ACDE54C2}.Release|Any CPU.Build.0 = Release|Any CPU
		{CB216A26-7B4B-4719-94AC-1965ACDE54C2}.Release|x64.ActiveCfg = Release|Any CPU
		{CB216A26-7B4B-4719-94AC-1965ACDE54C2}.Release|x64.Build.0 = Release|Any CPU
		{CB216A26-7B4B-4719-94AC-1965ACDE54C2}.Release|x86.ActiveCfg = Release|Any CPU
		{CB216A26-7B4B-4719-94AC-1965ACDE54C2}.Release|x86.Build.0 = Release|Any CPU
		{3E52673F-1074-4281-B23A-07F71078E400}.Debug|Any CPU.ActiveCfg = Debug|Any CPU
		{3E52673F-1074-4281-B23A-07F71078E400}.Debug|Any CPU.Build.0 = Debug|Any CPU
		{3E52673F-1074-4281-B23A-07F71078E400}.Debug|x64.ActiveCfg = Debug|Any CPU
		{3E52673F-1074-4281-B23A-07F71078E400}.Debug|x64.Build.0 = Debug|Any CPU
		{3E52673F-1074-4281-B23A-07F71078E400}.Debug|x86.ActiveCfg = Debug|Any CPU
		{3E52673F-1074-4281-B23A-07F71078E400}.Debug|x86.Build.0 = Debug|Any CPU
		{3E52673F-1074-4281-B23A-07F71078E400}.Release|Any CPU.ActiveCfg = Release|Any CPU
		{3E52673F-1074-4281-B23A-07F71078E400}.Release|Any CPU.Build.0 = Release|Any CPU
		{3E52673F-1074-4281-B23A-07F71078E400}.Release|x64.ActiveCfg = Release|Any CPU
		{3E52673F-1074-4281-B23A-07F71078E400}.Release|x64.Build.0 = Release|Any CPU
		{3E52673F-1074-4281-B23A-07F71078E400}.Release|x86.ActiveCfg = Release|Any CPU
		{3E52673F-1074-4281-B23A-07F71078E400}.Release|x86.Build.0 = Release|Any CPU
	EndGlobalSection
	GlobalSection(SolutionProperties) = preSolution
		HideSolutionNode = FALSE
	EndGlobalSection
	GlobalSection(NestedProjects) = preSolution
		{AE621544-8C34-4FDF-906B-73569D3E7622} = {EB670A4F-F213-4F9C-BA5E-688266433E95}
		{FB31CD08-75F8-4FA0-BC0C-EB98393FF4F4} = {EB670A4F-F213-4F9C-BA5E-688266433E95}
		{1FFFC4F1-7AFD-43AA-A1AA-1085D9E0189A} = {EB670A4F-F213-4F9C-BA5E-688266433E95}
		{F8E5FC90-F013-4441-890C-E1451888E4BA} = {EB670A4F-F213-4F9C-BA5E-688266433E95}
		{6EA65243-C7FA-434A-9F1D-52C0B352B3E3} = {EB670A4F-F213-4F9C-BA5E-688266433E95}
		{F9ECDA0C-5BE3-46BA-B02F-D9532D0E3EE4} = {EB670A4F-F213-4F9C-BA5E-688266433E95}
		{B9041E5D-E493-45D8-B3A6-3BBAFC0D9903} = {EB670A4F-F213-4F9C-BA5E-688266433E95}
		{FCA091B9-57F8-45D7-83AB-1EBBC81E6E5D} = {EB670A4F-F213-4F9C-BA5E-688266433E95}
		{2F540121-DAF7-45FB-BF7D-BFB6A384C391} = {EB670A4F-F213-4F9C-BA5E-688266433E95}
		{9F021390-16FB-42A6-91CA-5957A81068BB} = {EB670A4F-F213-4F9C-BA5E-688266433E95}
		{F199EB23-BB5D-4DC5-A22F-59BBF963DB3C} = {EB670A4F-F213-4F9C-BA5E-688266433E95}
		{0245BA44-67A5-4725-9966-3B8C50C8DB3A} = {EB670A4F-F213-4F9C-BA5E-688266433E95}
		{3D632CB8-DE60-4C9F-A848-F1E7849A507F} = {EB670A4F-F213-4F9C-BA5E-688266433E95}
		{CB216A26-7B4B-4719-94AC-1965ACDE54C2} = {EB670A4F-F213-4F9C-BA5E-688266433E95}
		{3E52673F-1074-4281-B23A-07F71078E400} = {EB670A4F-F213-4F9C-BA5E-688266433E95}
	EndGlobalSection
	GlobalSection(ExtensibilityGlobals) = postSolution
		SolutionGuid = {E7D7CEC0-CFB9-49DD-877A-3BF7B14B2150}
	EndGlobalSection
EndGlobal
